
Microsoft Visual Studio Solution File, Format Version 12.00
# Visual Studio 14
VisualStudioVersion = 14.0.25420.1
MinimumVisualStudioVersion = 10.0.40219.1
Project("{FAE04EC0-301F-11D3-BF4B-00C04F79EFBC}") = "PictureTagger", "PictureTagger\PictureTagger.csproj", "{17ECBD44-F1B7-4357-9CF5-1F39A22F31D5}"
EndProject
Project("{FAE04EC0-301F-11D3-BF4B-00C04F79EFBC}") = "PictureTagger.Tests", "PictureTagger.Tests\PictureTagger.Tests.csproj", "{C0B6A058-B5D5-49A7-B0BA-DC63999E0CAD}"
EndProject
Project("{FAE04EC0-301F-11D3-BF4B-00C04F79EFBC}") = "PictureTagger.Tests.CodedUI", "PictureTagger.Tests.CodedUI\PictureTagger.Tests.CodedUI.csproj", "{93A5E92B-7EA0-466D-AA84-D787697C3F56}"
EndProject
Global
	GlobalSection(SolutionConfigurationPlatforms) = preSolution
		Debug|Any CPU = Debug|Any CPU
		Release|Any CPU = Release|Any CPU
	EndGlobalSection
	GlobalSection(ProjectConfigurationPlatforms) = postSolution
		{17ECBD44-F1B7-4357-9CF5-1F39A22F31D5}.Debug|Any CPU.ActiveCfg = Debug|Any CPU
		{17ECBD44-F1B7-4357-9CF5-1F39A22F31D5}.Debug|Any CPU.Build.0 = Debug|Any CPU
		{17ECBD44-F1B7-4357-9CF5-1F39A22F31D5}.Release|Any CPU.ActiveCfg = Release|Any CPU
		{17ECBD44-F1B7-4357-9CF5-1F39A22F31D5}.Release|Any CPU.Build.0 = Release|Any CPU
		{C0B6A058-B5D5-49A7-B0BA-DC63999E0CAD}.Debug|Any CPU.ActiveCfg = Debug|Any CPU
		{C0B6A058-B5D5-49A7-B0BA-DC63999E0CAD}.Debug|Any CPU.Build.0 = Debug|Any CPU
		{C0B6A058-B5D5-49A7-B0BA-DC63999E0CAD}.Release|Any CPU.ActiveCfg = Release|Any CPU
		{C0B6A058-B5D5-49A7-B0BA-DC63999E0CAD}.Release|Any CPU.Build.0 = Release|Any CPU
		{93A5E92B-7EA0-466D-AA84-D787697C3F56}.Debug|Any CPU.ActiveCfg = Debug|Any CPU
		{93A5E92B-7EA0-466D-AA84-D787697C3F56}.Debug|Any CPU.Build.0 = Debug|Any CPU
		{93A5E92B-7EA0-466D-AA84-D787697C3F56}.Release|Any CPU.ActiveCfg = Release|Any CPU
		{93A5E92B-7EA0-466D-AA84-D787697C3F56}.Release|Any CPU.Build.0 = Release|Any CPU
	EndGlobalSection
	GlobalSection(SolutionProperties) = preSolution
		HideSolutionNode = FALSE
	EndGlobalSection
EndGlobal
